
Microsoft Visual Studio Solution File, Format Version 12.00
# Visual Studio Version 17
VisualStudioVersion = 17.5.002.0
MinimumVisualStudioVersion = 10.0.40219.1
Project("{9A19103F-16F7-4668-BE54-9A1E7A4F7556}") = "DbGenerator", "DbGenerator\DbGenerator.csproj", "{A7CE657E-1FA1-49B0-9A09-04114ABCEB47}"
EndProject
Global
	GlobalSection(SolutionConfigurationPlatforms) = preSolution
		Debug|Any CPU = Debug|Any CPU
		Release|Any CPU = Release|Any CPU
	EndGlobalSection
	GlobalSection(ProjectConfigurationPlatforms) = postSolution
		{A7CE657E-1FA1-49B0-9A09-04114ABCEB47}.Debug|Any CPU.ActiveCfg = Debug|Any CPU
		{A7CE657E-1FA1-49B0-9A09-04114ABCEB47}.Debug|Any CPU.Build.0 = Debug|Any CPU
		{A7CE657E-1FA1-49B0-9A09-04114ABCEB47}.Release|Any CPU.ActiveCfg = Release|Any CPU
		{A7CE657E-1FA1-49B0-9A09-04114ABCEB47}.Release|Any CPU.Build.0 = Release|Any CPU
	EndGlobalSection
	GlobalSection(SolutionProperties) = preSolution
		HideSolutionNode = FALSE
	EndGlobalSection
	GlobalSection(ExtensibilityGlobals) = postSolution
		SolutionGuid = {82358940-D9AB-478A-BED9-2B26F027771B}
	EndGlobalSection
EndGlobal
